
Microsoft Visual Studio Solution File, Format Version 11.00
# Visual Studio 2010
Project("{FAE04EC0-301F-11D3-BF4B-00C04F79EFBC}") = "_18._9", "_18._9\_18._9.csproj", "{E26D20C2-F37A-4551-B405-D668A1762522}"
EndProject
Global
	GlobalSection(SolutionConfigurationPlatforms) = preSolution
		Debug|x86 = Debug|x86
		Release|x86 = Release|x86
	EndGlobalSection
	GlobalSection(ProjectConfigurationPlatforms) = postSolution
		{E26D20C2-F37A-4551-B405-D668A1762522}.Debug|x86.ActiveCfg = Debug|x86
		{E26D20C2-F37A-4551-B405-D668A1762522}.Debug|x86.Build.0 = Debug|x86
		{E26D20C2-F37A-4551-B405-D668A1762522}.Release|x86.ActiveCfg = Release|x86
		{E26D20C2-F37A-4551-B405-D668A1762522}.Release|x86.Build.0 = Release|x86
	EndGlobalSection
	GlobalSection(SolutionProperties) = preSolution
		HideSolutionNode = FALSE
	EndGlobalSection
EndGlobal
